// !$*UTF8*$!
{
	archiveVersion = 1;
	classes = {
	};
	objectVersion = 56;
	objects = {

/* Begin PBXBuildFile section */
		32A08A312AAF1D3600011CFA /* AppDelegate.swift in Sources */ = {isa = PBXBuildFile; fileRef = 32A08A302AAF1D3600011CFA /* AppDelegate.swift */; };
		32A08A332AAF1D3600011CFA /* SceneDelegate.swift in Sources */ = {isa = PBXBuildFile; fileRef = 32A08A322AAF1D3600011CFA /* SceneDelegate.swift */; };
		32A08A352AAF1D3600011CFA /* ViewController.swift in Sources */ = {isa = PBXBuildFile; fileRef = 32A08A342AAF1D3600011CFA /* ViewController.swift */; };
		32A08A382AAF1D3600011CFA /* Main.storyboard in Resources */ = {isa = PBXBuildFile; fileRef = 32A08A362AAF1D3600011CFA /* Main.storyboard */; };
		32A08A3A2AAF1D3900011CFA /* Assets.xcassets in Resources */ = {isa = PBXBuildFile; fileRef = 32A08A392AAF1D3900011CFA /* Assets.xcassets */; };
		32A08A3D2AAF1D3900011CFA /* LaunchScreen.storyboard in Resources */ = {isa = PBXBuildFile; fileRef = 32A08A3B2AAF1D3900011CFA /* LaunchScreen.storyboard */; };
		32A08A462AAF1E6900011CFA /* Alamofire in Frameworks */ = {isa = PBXBuildFile; productRef = 32A08A452AAF1E6900011CFA /* Alamofire */; };
		32A08A482AAF1F0200011CFA /* ApiHandler.swift in Sources */ = {isa = PBXBuildFile; fileRef = 32A08A472AAF1F0200011CFA /* ApiHandler.swift */; };
/* End PBXBuildFile section */

/* Begin PBXFileReference section */
		32A08A2D2AAF1D3500011CFA /* AlamofireWithSPM.app */ = {isa = PBXFileReference; explicitFileType = wrapper.application; includeInIndex = 0; path = AlamofireWithSPM.app; sourceTree = BUILT_PRODUCTS_DIR; };
		32A08A302AAF1D3600011CFA /* AppDelegate.swift */ = {isa = PBXFileReference; lastKnownFileType = sourcecode.swift; path = AppDelegate.swift; sourceTree = "<group>"; };
		32A08A322AAF1D3600011CFA /* SceneDelegate.swift */ = {isa = PBXFileReference; lastKnownFileType = sourcecode.swift; path = SceneDelegate.swift; sourceTree = "<group>"; };
		32A08A342AAF1D3600011CFA /* ViewController.swift */ = {isa = PBXFileReference; lastKnownFileType = sourcecode.swift; path = ViewController.swift; sourceTree = "<group>"; };
		32A08A372AAF1D3600011CFA /* Base */ = {isa = PBXFileReference; lastKnownFileType = file.storyboard; name = Base; path = Base.lproj/Main.storyboard; sourceTree = "<group>"; };
		32A08A392AAF1D3900011CFA /* Assets.xcassets */ = {isa = PBXFileReference; lastKnownFileType = folder.assetcatalog; path = Assets.xcassets; sourceTree = "<group>"; };
		32A08A3C2AAF1D3900011CFA /* Base */ = {isa = PBXFileReference; lastKnownFileType = file.storyboard; name = Base; path = Base.lproj/LaunchScreen.storyboard; sourceTree = "<group>"; };
		32A08A3E2AAF1D3900011CFA /* Info.plist */ = {isa = PBXFileReference; lastKnownFileType = text.plist.xml; path = Info.plist; sourceTree = "<group>"; };
		32A08A472AAF1F0200011CFA /* ApiHandler.swift */ = {isa = PBXFileReference; lastKnownFileType = sourcecode.swift; path = ApiHandler.swift; sourceTree = "<group>"; };
/* End PBXFileReference section */

/* Begin PBXFrameworksBuildPhase section */
		32A08A2A2AAF1D3500011CFA /* Frameworks */ = {
			isa = PBXFrameworksBuildPhase;
			buildActionMask = 2147483647;
			files = (
				32A08A462AAF1E6900011CFA /* Alamofire in Frameworks */,
			);
			runOnlyForDeploymentPostprocessing = 0;
		};
/* End PBXFrameworksBuildPhase section */

/* Begin PBXGroup section */
		32A08A242AAF1D3500011CFA = {
			isa = PBXGroup;
			children = (
				32A08A2F2AAF1D3600011CFA /* AlamofireWithSPM */,
				32A08A2E2AAF1D3500011CFA /* Products */,
			);
			sourceTree = "<group>";
		};
		32A08A2E2AAF1D3500011CFA /* Products */ = {
			isa = PBXGroup;
			children = (
				32A08A2D2AAF1D3500011CFA /* AlamofireWithSPM.app */,
			);
			name = Products;
			sourceTree = "<group>";
		};
		32A08A2F2AAF1D3600011CFA /* AlamofireWithSPM */ = {
			isa = PBXGroup;
			children = (
				32A08A302AAF1D3600011CFA /* AppDelegate.swift */,
				32A08A322AAF1D3600011CFA /* SceneDelegate.swift */,
				32A08A342AAF1D3600011CFA /* ViewController.swift */,
				32A08A472AAF1F0200011CFA /* ApiHandler.swift */,
				32A08A362AAF1D3600011CFA /* Main.storyboard */,
				32A08A392AAF1D3900011CFA /* Assets.xcassets */,
				32A08A3B2AAF1D3900011CFA /* LaunchScreen.storyboard */,
				32A08A3E2AAF1D3900011CFA /* Info.plist */,
			);
			path = AlamofireWithSPM;
			sourceTree = "<group>";
		};
/* End PBXGroup section */

/* Begin PBXNativeTarget section */
		32A08A2C2AAF1D3500011CFA /* AlamofireWithSPM */ = {
			isa = PBXNativeTarget;
			buildConfigurationList = 32A08A412AAF1D3900011CFA /* Build configuration list for PBXNativeTarget "AlamofireWithSPM" */;
			buildPhases = (
				32A08A292AAF1D3500011CFA /* Sources */,
				32A08A2A2AAF1D3500011CFA /* Frameworks */,
				32A08A2B2AAF1D3500011CFA /* Resources */,
			);
			buildRules = (
			);
			dependencies = (
			);
			name = AlamofireWithSPM;
			packageProductDependencies = (
				32A08A452AAF1E6900011CFA /* Alamofire */,
			);
			productName = AlamofireWithSPM;
			productReference = 32A08A2D2AAF1D3500011CFA /* AlamofireWithSPM.app */;
			productType = "com.apple.product-type.application";
		};
/* End PBXNativeTarget section */

/* Begin PBXProject section */
		32A08A252AAF1D3500011CFA /* Project object */ = {
			isa = PBXProject;
			attributes = {
				BuildIndependentTargetsInParallel = 1;
				LastSwiftUpdateCheck = 1420;
				LastUpgradeCheck = 1420;
				TargetAttributes = {
					32A08A2C2AAF1D3500011CFA = {
						CreatedOnToolsVersion = 14.2;
					};
				};
			};
			buildConfigurationList = 32A08A282AAF1D3500011CFA /* Build configuration list for PBXProject "AlamofireWithSPM" */;
			compatibilityVersion = "Xcode 14.0";
			developmentRegion = en;
			hasScannedForEncodings = 0;
			knownRegions = (
				en,
				Base,
			);
			mainGroup = 32A08A242AAF1D3500011CFA;
			packageReferences = (
				32A08A442AAF1E6900011CFA /* XCRemoteSwiftPackageReference "Alamofire" */,
			);
			productRefGroup = 32A08A2E2AAF1D3500011CFA /* Products */;
			projectDirPath = "";
			projectRoot = "";
			targets = (
				32A08A2C2AAF1D3500011CFA /* AlamofireWithSPM */,
			);
		};
/* End PBXProject section */

/* Begin PBXResourcesBuildPhase section */
		32A08A2B2AAF1D3500011CFA /* Resources */ = {
			isa = PBXResourcesBuildPhase;
			buildActionMask = 2147483647;
			files = (
				32A08A3D2AAF1D3900011CFA /* LaunchScreen.storyboard in Resources */,
				32A08A3A2AAF1D3900011CFA /* Assets.xcassets in Resources */,
				32A08A382AAF1D3600011CFA /* Main.storyboard in Resources */,
			);
			runOnlyForDeploymentPostprocessing = 0;
		};
/* End PBXResourcesBuildPhase section */

/* Begin PBXSourcesBuildPhase section */
		32A08A292AAF1D3500011CFA /* Sources */ = {
			isa = PBXSourcesBuildPhase;
			buildActionMask = 2147483647;
			files = (
				32A08A352AAF1D3600011CFA /* ViewController.swift in Sources */,
				32A08A312AAF1D3600011CFA /* AppDelegate.swift in Sources */,
				32A08A332AAF1D3600011CFA /* SceneDelegate.swift in Sources */,
				32A08A482AAF1F0200011CFA /* ApiHandler.swift in Sources */,
			);
			runOnlyForDeploymentPostprocessing = 0;
		};
/* End PBXSourcesBuildPhase section */

/* Begin PBXVariantGroup section */
		32A08A362AAF1D3600011CFA /* Main.storyboard */ = {
			isa = PBXVariantGroup;
			children = (
				32A08A372AAF1D3600011CFA /* Base */,
			);
			name = Main.storyboard;
			sourceTree = "<group>";
		};
		32A08A3B2AAF1D3900011CFA /* LaunchScreen.storyboard */ = {
			isa = PBXVariantGroup;
			children = (
				32A08A3C2AAF1D3900011CFA /* Base */,
			);
			name = LaunchScreen.storyboard;
			sourceTree = "<group>";
		};
/* End PBXVariantGroup section */

/* Begin XCBuildConfiguration section */
		32A08A3F2AAF1D3900011CFA /* Debug */ = {
			isa = XCBuildConfiguration;
			buildSettings = {
				ALWAYS_SEARCH_USER_PATHS = NO;
				CLANG_ANALYZER_NONNULL = YES;
				CLANG_ANALYZER_NUMBER_OBJECT_CONVERSION = YES_AGGRESSIVE;
				CLANG_CXX_LANGUAGE_STANDARD = "gnu++20";
				CLANG_ENABLE_MODULES = YES;
				CLANG_ENABLE_OBJC_ARC = YES;
				CLANG_ENABLE_OBJC_WEAK = YES;
				CLANG_WARN_BLOCK_CAPTURE_AUTORELEASING = YES;
				CLANG_WARN_BOOL_CONVERSION = YES;
				CLANG_WARN_COMMA = YES;
				CLANG_WARN_CONSTANT_CONVERSION = YES;
				CLANG_WARN_DEPRECATED_OBJC_IMPLEMENTATIONS = YES;
				CLANG_WARN_DIRECT_OBJC_ISA_USAGE = YES_ERROR;
				CLANG_WARN_DOCUMENTATION_COMMENTS = YES;
				CLANG_WARN_EMPTY_BODY = YES;
				CLANG_WARN_ENUM_CONVERSION = YES;
				CLANG_WARN_INFINITE_RECURSION = YES;
				CLANG_WARN_INT_CONVERSION = YES;
				CLANG_WARN_NON_LITERAL_NULL_CONVERSION = YES;
				CLANG_WARN_OBJC_IMPLICIT_RETAIN_SELF = YES;
				CLANG_WARN_OBJC_LITERAL_CONVERSION = YES;
				CLANG_WARN_OBJC_ROOT_CLASS = YES_ERROR;
				CLANG_WARN_QUOTED_INCLUDE_IN_FRAMEWORK_HEADER = YES;
				CLANG_WARN_RANGE_LOOP_ANALYSIS = YES;
				CLANG_WARN_STRICT_PROTOTYPES = YES;
				CLANG_WARN_SUSPICIOUS_MOVE = YES;
				CLANG_WARN_UNGUARDED_AVAILABILITY = YES_AGGRESSIVE;
				CLANG_WARN_UNREACHABLE_CODE = YES;
				CLANG_WARN__DUPLICATE_METHOD_MATCH = YES;
				COPY_PHASE_STRIP = NO;
				DEBUG_INFORMATION_FORMAT = dwarf;
				ENABLE_STRICT_OBJC_MSGSEND = YES;
				ENABLE_TESTABILITY = YES;
				GCC_C_LANGUAGE_STANDARD = gnu11;
				GCC_DYNAMIC_NO_PIC = NO;
				GCC_NO_COMMON_BLOCKS = YES;
				GCC_OPTIMIZATION_LEVEL = 0;
				GCC_PREPROCESSOR_DEFINITIONS = (
					"DEBUG=1",
					"$(inherited)",
				);
				GCC_WARN_64_TO_32_BIT_CONVERSION = YES;
				GCC_WARN_ABOUT_RETURN_TYPE = YES_ERROR;
				GCC_WARN_UNDECLARED_SELECTOR = YES;
				GCC_WARN_UNINITIALIZED_AUTOS = YES_AGGRESSIVE;
				GCC_WARN_UNUSED_FUNCTION = YES;
				GCC_WARN_UNUSED_VARIABLE = YES;
				IPHONEOS_DEPLOYMENT_TARGET = 16.2;
				MTL_ENABLE_DEBUG_INFO = INCLUDE_SOURCE;
				MTL_FAST_MATH = YES;
				ONLY_ACTIVE_ARCH = YES;
				SDKROOT = iphoneos;
				SWIFT_ACTIVE_COMPILATION_CONDITIONS = DEBUG;
				SWIFT_OPTIMIZATION_LEVEL = "-Onone";
			};
			name = Debug;
		};
		32A08A402AAF1D3900011CFA /* Release */ = {
			isa = XCBuildConfiguration;
			buildSettings = {
				ALWAYS_SEARCH_USER_PATHS = NO;
				CLANG_ANALYZER_NONNULL = YES;
				CLANG_ANALYZER_NUMBER_OBJECT_CONVERSION = YES_AGGRESSIVE;
				CLANG_CXX_LANGUAGE_STANDARD = "gnu++20";
				CLANG_ENABLE_MODULES = YES;
				CLANG_ENABLE_OBJC_ARC = YES;
				CLANG_ENABLE_OBJC_WEAK = YES;
				CLANG_WARN_BLOCK_CAPTURE_AUTORELEASING = YES;
				CLANG_WARN_BOOL_CONVERSION = YES;
				CLANG_WARN_COMMA = YES;
				CLANG_WARN_CONSTANT_CONVERSION = YES;
				CLANG_WARN_DEPRECATED_OBJC_IMPLEMENTATIONS = YES;
				CLANG_WARN_DIRECT_OBJC_ISA_USAGE = YES_ERROR;
				CLANG_WARN_DOCUMENTATION_COMMENTS = YES;
				CLANG_WARN_EMPTY_BODY = YES;
				CLANG_WARN_ENUM_CONVERSION = YES;
				CLANG_WARN_INFINITE_RECURSION = YES;
				CLANG_WARN_INT_CONVERSION = YES;
				CLANG_WARN_NON_LITERAL_NULL_CONVERSION = YES;
				CLANG_WARN_OBJC_IMPLICIT_RETAIN_SELF = YES;
				CLANG_WARN_OBJC_LITERAL_CONVERSION = YES;
				CLANG_WARN_OBJC_ROOT_CLASS = YES_ERROR;
				CLANG_WARN_QUOTED_INCLUDE_IN_FRAMEWORK_HEADER = YES;
				CLANG_WARN_RANGE_LOOP_ANALYSIS = YES;
				CLANG_WARN_STRICT_PROTOTYPES = YES;
				CLANG_WARN_SUSPICIOUS_MOVE = YES;
				CLANG_WARN_UNGUARDED_AVAILABILITY = YES_AGGRESSIVE;
				CLANG_WARN_UNREACHABLE_CODE = YES;
				CLANG_WARN__DUPLICATE_METHOD_MATCH = YES;
				COPY_PHASE_STRIP = NO;
				DEBUG_INFORMATION_FORMAT = "dwarf-with-dsym";
				ENABLE_NS_ASSERTIONS = NO;
				ENABLE_STRICT_OBJC_MSGSEND = YES;
				GCC_C_LANGUAGE_STANDARD = gnu11;
				GCC_NO_COMMON_BLOCKS = YES;
				GCC_WARN_64_TO_32_BIT_CONVERSION = YES;
				GCC_WARN_ABOUT_RETURN_TYPE = YES_ERROR;
				GCC_WARN_UNDECLARED_SELECTOR = YES;
				GCC_WARN_UNINITIALIZED_AUTOS = YES_AGGRESSIVE;
				GCC_WARN_UNUSED_FUNCTION = YES;
				GCC_WARN_UNUSED_VARIABLE = YES;
				IPHONEOS_DEPLOYMENT_TARGET = 16.2;
				MTL_ENABLE_DEBUG_INFO = NO;
				MTL_FAST_MATH = YES;
				SDKROOT = iphoneos;
				SWIFT_COMPILATION_MODE = wholemodule;
				SWIFT_OPTIMIZATION_LEVEL = "-O";
				VALIDATE_PRODUCT = YES;
			};
			name = Release;
		};
		32A08A422AAF1D3900011CFA /* Debug */ = {
			isa = XCBuildConfiguration;
			buildSettings = {
				ASSETCATALOG_COMPILER_APPICON_NAME = AppIcon;
				ASSETCATALOG_COMPILER_GLOBAL_ACCENT_COLOR_NAME = AccentColor;
				CODE_SIGN_STYLE = Automatic;
				CURRENT_PROJECT_VERSION = 1;
				GENERATE_INFOPLIST_FILE = YES;
				INFOPLIST_FILE = AlamofireWithSPM/Info.plist;
				INFOPLIST_KEY_UIApplicationSupportsIndirectInputEvents = YES;
				INFOPLIST_KEY_UILaunchStoryboardName = LaunchScreen;
				INFOPLIST_KEY_UIMainStoryboardFile = Main;
				INFOPLIST_KEY_UISupportedInterfaceOrientations_iPad = "UIInterfaceOrientationPortrait UIInterfaceOrientationPortraitUpsideDown UIInterfaceOrientationLandscapeLeft UIInterfaceOrientationLandscapeRight";
				INFOPLIST_KEY_UISupportedInterfaceOrientations_iPhone = "UIInterfaceOrientationPortrait UIInterfaceOrientationLandscapeLeft UIInterfaceOrientationLandscapeRight";
				LD_RUNPATH_SEARCH_PATHS = (
					"$(inherited)",
					"@executable_path/Frameworks",
				);
				MARKETING_VERSION = 1.0;
				PRODUCT_BUNDLE_IDENTIFIER = sai.AlamofireWithSPM;
				PRODUCT_NAME = "$(TARGET_NAME)";
				SWIFT_EMIT_LOC_STRINGS = YES;
				SWIFT_VERSION = 5.0;
				TARGETED_DEVICE_FAMILY = "1,2";
			};
			name = Debug;
		};
		32A08A432AAF1D3900011CFA /* Release */ = {
			isa = XCBuildConfiguration;
			buildSettings = {
				ASSETCATALOG_COMPILER_APPICON_NAME = AppIcon;
				ASSETCATALOG_COMPILER_GLOBAL_ACCENT_COLOR_NAME = AccentColor;
				CODE_SIGN_STYLE = Automatic;
				CURRENT_PROJECT_VERSION = 1;
				GENERATE_INFOPLIST_FILE = YES;
				INFOPLIST_FILE = AlamofireWithSPM/Info.plist;
				INFOPLIST_KEY_UIApplicationSupportsIndirectInputEvents = YES;
				INFOPLIST_KEY_UILaunchStoryboardName = LaunchScreen;
				INFOPLIST_KEY_UIMainStoryboardFile = Main;
				INFOPLIST_KEY_UISupportedInterfaceOrientations_iPad = "UIInterfaceOrientationPortrait UIInterfaceOrientationPortraitUpsideDown UIInterfaceOrientationLandscapeLeft UIInterfaceOrientationLandscapeRight";
				INFOPLIST_KEY_UISupportedInterfaceOrientations_iPhone = "UIInterfaceOrientationPortrait UIInterfaceOrientationLandscapeLeft UIInterfaceOrientationLandscapeRight";
				LD_RUNPATH_SEARCH_PATHS = (
					"$(inherited)",
					"@executable_path/Frameworks",
				);
				MARKETING_VERSION = 1.0;
				PRODUCT_BUNDLE_IDENTIFIER = sai.AlamofireWithSPM;
				PRODUCT_NAME = "$(TARGET_NAME)";
				SWIFT_EMIT_LOC_STRINGS = YES;
				SWIFT_VERSION = 5.0;
				TARGETED_DEVICE_FAMILY = "1,2";
			};
			name = Release;
		};
/* End XCBuildConfiguration section */

/* Begin XCConfigurationList section */
		32A08A282AAF1D3500011CFA /* Build configuration list for PBXProject "AlamofireWithSPM" */ = {
			isa = XCConfigurationList;
			buildConfigurations = (
				32A08A3F2AAF1D3900011CFA /* Debug */,
				32A08A402AAF1D3900011CFA /* Release */,
			);
			defaultConfigurationIsVisible = 0;
			defaultConfigurationName = Release;
		};
		32A08A412AAF1D3900011CFA /* Build configuration list for PBXNativeTarget "AlamofireWithSPM" */ = {
			isa = XCConfigurationList;
			buildConfigurations = (
				32A08A422AAF1D3900011CFA /* Debug */,
				32A08A432AAF1D3900011CFA /* Release */,
			);
			defaultConfigurationIsVisible = 0;
			defaultConfigurationName = Release;
		};
/* End XCConfigurationList section */

/* Begin XCRemoteSwiftPackageReference section */
		32A08A442AAF1E6900011CFA /* XCRemoteSwiftPackageReference "Alamofire" */ = {
			isa = XCRemoteSwiftPackageReference;
			repositoryURL = "https://github.com/Alamofire/Alamofire.git";
			requirement = {
				kind = upToNextMajorVersion;
				minimumVersion = 5.0.0;
			};
		};
/* End XCRemoteSwiftPackageReference section */

/* Begin XCSwiftPackageProductDependency section */
		32A08A452AAF1E6900011CFA /* Alamofire */ = {
			isa = XCSwiftPackageProductDependency;
			package = 32A08A442AAF1E6900011CFA /* XCRemoteSwiftPackageReference "Alamofire" */;
			productName = Alamofire;
		};
/* End XCSwiftPackageProductDependency section */
	};
	rootObject = 32A08A252AAF1D3500011CFA /* Project object */;
}
